
Microsoft Visual Studio Solution File, Format Version 12.00
# Visual Studio Version 17
VisualStudioVersion = 17.2.32602.215
MinimumVisualStudioVersion = 10.0.40219.1
Project("{FAE04EC0-301F-11D3-BF4B-00C04F79EFBC}") = "MethodOverridingHomework", "MethodOverridingHomework\MethodOverridingHomework.csproj", "{C92384EF-10A5-41E5-94E2-22AACC74E212}"
EndProject
Global
	GlobalSection(SolutionConfigurationPlatforms) = preSolution
		Debug|Any CPU = Debug|Any CPU
		Release|Any CPU = Release|Any CPU
	EndGlobalSection
	GlobalSection(ProjectConfigurationPlatforms) = postSolution
		{C92384EF-10A5-41E5-94E2-22AACC74E212}.Debug|Any CPU.ActiveCfg = Debug|Any CPU
		{C92384EF-10A5-41E5-94E2-22AACC74E212}.Debug|Any CPU.Build.0 = Debug|Any CPU
		{C92384EF-10A5-41E5-94E2-22AACC74E212}.Release|Any CPU.ActiveCfg = Release|Any CPU
		{C92384EF-10A5-41E5-94E2-22AACC74E212}.Release|Any CPU.Build.0 = Release|Any CPU
	EndGlobalSection
	GlobalSection(SolutionProperties) = preSolution
		HideSolutionNode = FALSE
	EndGlobalSection
	GlobalSection(ExtensibilityGlobals) = postSolution
		SolutionGuid = {140329D0-6488-44BB-89D0-86DA70B26F20}
	EndGlobalSection
EndGlobal
