
Microsoft Visual Studio Solution File, Format Version 12.00
# Visual Studio Version 17
VisualStudioVersion = 17.2.32602.215
MinimumVisualStudioVersion = 10.0.40219.1
Project("{FAE04EC0-301F-11D3-BF4B-00C04F79EFBC}") = "InheritanceMiniProject", "InheritanceMiniProject\InheritanceMiniProject.csproj", "{081A4252-4B81-40BD-A3F0-B583409C7CED}"
EndProject
Global
	GlobalSection(SolutionConfigurationPlatforms) = preSolution
		Debug|Any CPU = Debug|Any CPU
		Release|Any CPU = Release|Any CPU
	EndGlobalSection
	GlobalSection(ProjectConfigurationPlatforms) = postSolution
		{081A4252-4B81-40BD-A3F0-B583409C7CED}.Debug|Any CPU.ActiveCfg = Debug|Any CPU
		{081A4252-4B81-40BD-A3F0-B583409C7CED}.Debug|Any CPU.Build.0 = Debug|Any CPU
		{081A4252-4B81-40BD-A3F0-B583409C7CED}.Release|Any CPU.ActiveCfg = Release|Any CPU
		{081A4252-4B81-40BD-A3F0-B583409C7CED}.Release|Any CPU.Build.0 = Release|Any CPU
	EndGlobalSection
	GlobalSection(SolutionProperties) = preSolution
		HideSolutionNode = FALSE
	EndGlobalSection
	GlobalSection(ExtensibilityGlobals) = postSolution
		SolutionGuid = {57524468-E84E-4DD6-A466-ED7FB2B47D8C}
	EndGlobalSection
EndGlobal
